
Microsoft Visual Studio Solution File, Format Version 12.00
# Visual Studio Version 18
VisualStudioVersion = 18.4.11620.152
MinimumVisualStudioVersion = 10.0.40219.1
Project("{FAE04EC0-301F-11D3-BF4B-00C04F79EFBC}") = "IMS.web", "IMS.web\IMS.web.csproj", "{CBCD2924-F6A3-4624-9D62-08073353F505}"
EndProject
Project("{FAE04EC0-301F-11D3-BF4B-00C04F79EFBC}") = "IMS.Models", "IMS.Models\IMS.Models.csproj", "{00AD8E82-B194-46D7-95D3-816F080CF328}"
EndProject
Project("{FAE04EC0-301F-11D3-BF4B-00C04F79EFBC}") = "IMS.Infrastructure", "IMS.Infrastructure\IMS.Infrastructure.csproj", "{4D349E41-8288-4395-A867-EBE77286B1A4}"
EndProject
Project("{FAE04EC0-301F-11D3-BF4B-00C04F79EFBC}") = "IMS.Utility", "IMS.Utility\IMS.Utility.csproj", "{9B510221-72AF-42F7-964A-F384D10072F5}"
EndProject
Project("{FAE04EC0-301F-11D3-BF4B-00C04F79EFBC}") = "IMSUntTest", "IMSUntTest\IMSUntTest.csproj", "{A314947B-1860-4C24-8BCE-AA53E216ECF1}"
EndProject
Project("{FAE04EC0-301F-11D3-BF4B-00C04F79EFBC}") = "IMS.API", "IMS.API\IMS.API.csproj", "{E4CFAD72-8E12-4E84-8839-FFFD1E08D15F}"
EndProject
Project("{FAE04EC0-301F-11D3-BF4B-00C04F79EFBC}") = "IMS.Application", "IMS.Application\IMS.Application.csproj", "{CC1EF305-23FB-4211-8AB4-CA9061041022}"
EndProject
Project("{FAE04EC0-301F-11D3-BF4B-00C04F79EFBC}") = "IMSTestAgent", "IMSTestAgent\IMSTestAgent.csproj", "{340D3CD9-B999-4820-89A2-2EE4B896357C}"
EndProject
Global
	GlobalSection(SolutionConfigurationPlatforms) = preSolution
		Debug|Any CPU = Debug|Any CPU
		Debug|x64 = Debug|x64
		Debug|x86 = Debug|x86
		Release|Any CPU = Release|Any CPU
		Release|x64 = Release|x64
		Release|x86 = Release|x86
	EndGlobalSection
	GlobalSection(ProjectConfigurationPlatforms) = postSolution
		{CBCD2924-F6A3-4624-9D62-08073353F505}.Debug|Any CPU.ActiveCfg = Debug|Any CPU
		{CBCD2924-F6A3-4624-9D62-08073353F505}.Debug|Any CPU.Build.0 = Debug|Any CPU
		{CBCD2924-F6A3-4624-9D62-08073353F505}.Debug|x64.ActiveCfg = Debug|Any CPU
		{CBCD2924-F6A3-4624-9D62-08073353F505}.Debug|x64.Build.0 = Debug|Any CPU
		{CBCD2924-F6A3-4624-9D62-08073353F505}.Debug|x86.ActiveCfg = Debug|Any CPU
		{CBCD2924-F6A3-4624-9D62-08073353F505}.Debug|x86.Build.0 = Debug|Any CPU
		{CBCD2924-F6A3-4624-9D62-08073353F505}.Release|Any CPU.ActiveCfg = Release|Any CPU
		{CBCD2924-F6A3-4624-9D62-08073353F505}.Release|Any CPU.Build.0 = Release|Any CPU
		{CBCD2924-F6A3-4624-9D62-08073353F505}.Release|x64.ActiveCfg = Release|Any CPU
		{CBCD2924-F6A3-4624-9D62-08073353F505}.Release|x64.Build.0 = Release|Any CPU
		{CBCD2924-F6A3-4624-9D62-08073353F505}.Release|x86.ActiveCfg = Release|Any CPU
		{CBCD2924-F6A3-4624-9D62-08073353F505}.Release|x86.Build.0 = Release|Any CPU
		{00AD8E82-B194-46D7-95D3-816F080CF328}.Debug|Any CPU.ActiveCfg = Debug|Any CPU
		{00AD8E82-B194-46D7-95D3-816F080CF328}.Debug|Any CPU.Build.0 = Debug|Any CPU
		{00AD8E82-B194-46D7-95D3-816F080CF328}.Debug|x64.ActiveCfg = Debug|Any CPU
		{00AD8E82-B194-46D7-95D3-816F080CF328}.Debug|x64.Build.0 = Debug|Any CPU
		{00AD8E82-B194-46D7-95D3-816F080CF328}.Debug|x86.ActiveCfg = Debug|Any CPU
		{00AD8E82-B194-46D7-95D3-816F080CF328}.Debug|x86.Build.0 = Debug|Any CPU
		{00AD8E82-B194-46D7-95D3-816F080CF328}.Release|Any CPU.ActiveCfg = Release|Any CPU
		{00AD8E82-B194-46D7-95D3-816F080CF328}.Release|Any CPU.Build.0 = Release|Any CPU
		{00AD8E82-B194-46D7-95D3-816F080CF328}.Release|x64.ActiveCfg = Release|Any CPU
		{00AD8E82-B194-46D7-95D3-816F080CF328}.Release|x64.Build.0 = Release|Any CPU
		{00AD8E82-B194-46D7-95D3-816F080CF328}.Release|x86.ActiveCfg = Release|Any CPU
		{00AD8E82-B194-46D7-95D3-816F080CF328}.Release|x86.Build.0 = Release|Any CPU
		{4D349E41-8288-4395-A867-EBE77286B1A4}.Debug|Any CPU.ActiveCfg = Debug|Any CPU
		{4D349E41-8288-4395-A867-EBE77286B1A4}.Debug|Any CPU.Build.0 = Debug|Any CPU
		{4D349E41-8288-4395-A867-EBE77286B1A4}.Debug|x64.ActiveCfg = Debug|Any CPU
		{4D349E41-8288-4395-A867-EBE77286B1A4}.Debug|x64.Build.0 = Debug|Any CPU
		{4D349E41-8288-4395-A867-EBE77286B1A4}.Debug|x86.ActiveCfg = Debug|Any CPU
		{4D349E41-8288-4395-A867-EBE77286B1A4}.Debug|x86.Build.0 = Debug|Any CPU
		{4D349E41-8288-4395-A867-EBE77286B1A4}.Release|Any CPU.ActiveCfg = Release|Any CPU
		{4D349E41-8288-4395-A867-EBE77286B1A4}.Release|Any CPU.Build.0 = Release|Any CPU
		{4D349E41-8288-4395-A867-EBE77286B1A4}.Release|x64.ActiveCfg = Release|Any CPU
		{4D349E41-8288-4395-A867-EBE77286B1A4}.Release|x64.Build.0 = Release|Any CPU
		{4D349E41-8288-4395-A867-EBE77286B1A4}.Release|x86.ActiveCfg = Release|Any CPU
		{4D349E41-8288-4395-A867-EBE77286B1A4}.Release|x86.Build.0 = Release|Any CPU
		{9B510221-72AF-42F7-964A-F384D10072F5}.Debug|Any CPU.ActiveCfg = Debug|Any CPU
		{9B510221-72AF-42F7-964A-F384D10072F5}.Debug|Any CPU.Build.0 = Debug|Any CPU
		{9B510221-72AF-42F7-964A-F384D10072F5}.Debug|x64.ActiveCfg = Debug|Any CPU
		{9B510221-72AF-42F7-964A-F384D10072F5}.Debug|x64.Build.0 = Debug|Any CPU
		{9B510221-72AF-42F7-964A-F384D10072F5}.Debug|x86.ActiveCfg = Debug|Any CPU
		{9B510221-72AF-42F7-964A-F384D10072F5}.Debug|x86.Build.0 = Debug|Any CPU
		{9B510221-72AF-42F7-964A-F384D10072F5}.Release|Any CPU.ActiveCfg = Release|Any CPU
		{9B510221-72AF-42F7-964A-F384D10072F5}.Release|Any CPU.Build.0 = Release|Any CPU
		{9B510221-72AF-42F7-964A-F384D10072F5}.Release|x64.ActiveCfg = Release|Any CPU
		{9B510221-72AF-42F7-964A-F384D10072F5}.Release|x64.Build.0 = Release|Any CPU
		{9B510221-72AF-42F7-964A-F384D10072F5}.Release|x86.ActiveCfg = Release|Any CPU
		{9B510221-72AF-42F7-964A-F384D10072F5}.Release|x86.Build.0 = Release|Any CPU
		{A314947B-1860-4C24-8BCE-AA53E216ECF1}.Debug|Any CPU.ActiveCfg = Debug|Any CPU
		{A314947B-1860-4C24-8BCE-AA53E216ECF1}.Debug|Any CPU.Build.0 = Debug|Any CPU
		{A314947B-1860-4C24-8BCE-AA53E216ECF1}.Debug|x64.ActiveCfg = Debug|Any CPU
		{A314947B-1860-4C24-8BCE-AA53E216ECF1}.Debug|x64.Build.0 = Debug|Any CPU
		{A314947B-1860-4C24-8BCE-AA53E216ECF1}.Debug|x86.ActiveCfg = Debug|Any CPU
		{A314947B-1860-4C24-8BCE-AA53E216ECF1}.Debug|x86.Build.0 = Debug|Any CPU
		{A314947B-1860-4C24-8BCE-AA53E216ECF1}.Release|Any CPU.ActiveCfg = Release|Any CPU
		{A314947B-1860-4C24-8BCE-AA53E216ECF1}.Release|Any CPU.Build.0 = Release|Any CPU
		{A314947B-1860-4C24-8BCE-AA53E216ECF1}.Release|x64.ActiveCfg = Release|Any CPU
		{A314947B-1860-4C24-8BCE-AA53E216ECF1}.Release|x64.Build.0 = Release|Any CPU
		{A314947B-1860-4C24-8BCE-AA53E216ECF1}.Release|x86.ActiveCfg = Release|Any CPU
		{A314947B-1860-4C24-8BCE-AA53E216ECF1}.Release|x86.Build.0 = Release|Any CPU
		{E4CFAD72-8E12-4E84-8839-FFFD1E08D15F}.Debug|Any CPU.ActiveCfg = Debug|Any CPU
		{E4CFAD72-8E12-4E84-8839-FFFD1E08D15F}.Debug|Any CPU.Build.0 = Debug|Any CPU
		{E4CFAD72-8E12-4E84-8839-FFFD1E08D15F}.Debug|x64.ActiveCfg = Debug|Any CPU
		{E4CFAD72-8E12-4E84-8839-FFFD1E08D15F}.Debug|x64.Build.0 = Debug|Any CPU
		{E4CFAD72-8E12-4E84-8839-FFFD1E08D15F}.Debug|x86.ActiveCfg = Debug|Any CPU
		{E4CFAD72-8E12-4E84-8839-FFFD1E08D15F}.Debug|x86.Build.0 = Debug|Any CPU
		{E4CFAD72-8E12-4E84-8839-FFFD1E08D15F}.Release|Any CPU.ActiveCfg = Release|Any CPU
		{E4CFAD72-8E12-4E84-8839-FFFD1E08D15F}.Release|Any CPU.Build.0 = Release|Any CPU
		{E4CFAD72-8E12-4E84-8839-FFFD1E08D15F}.Release|x64.ActiveCfg = Release|Any CPU
		{E4CFAD72-8E12-4E84-8839-FFFD1E08D15F}.Release|x64.Build.0 = Release|Any CPU
		{E4CFAD72-8E12-4E84-8839-FFFD1E08D15F}.Release|x86.ActiveCfg = Release|Any CPU
		{E4CFAD72-8E12-4E84-8839-FFFD1E08D15F}.Release|x86.Build.0 = Release|Any CPU
		{CC1EF305-23FB-4211-8AB4-CA9061041022}.Debug|Any CPU.ActiveCfg = Debug|Any CPU
		{CC1EF305-23FB-4211-8AB4-CA9061041022}.Debug|Any CPU.Build.0 = Debug|Any CPU
		{CC1EF305-23FB-4211-8AB4-CA9061041022}.Debug|x64.ActiveCfg = Debug|Any CPU
		{CC1EF305-23FB-4211-8AB4-CA9061041022}.Debug|x64.Build.0 = Debug|Any CPU
		{CC1EF305-23FB-4211-8AB4-CA9061041022}.Debug|x86.ActiveCfg = Debug|Any CPU
		{CC1EF305-23FB-4211-8AB4-CA9061041022}.Debug|x86.Build.0 = Debug|Any CPU
		{CC1EF305-23FB-4211-8AB4-CA9061041022}.Release|Any CPU.ActiveCfg = Release|Any CPU
		{CC1EF305-23FB-4211-8AB4-CA9061041022}.Release|Any CPU.Build.0 = Release|Any CPU
		{CC1EF305-23FB-4211-8AB4-CA9061041022}.Release|x64.ActiveCfg = Release|Any CPU
		{CC1EF305-23FB-4211-8AB4-CA9061041022}.Release|x64.Build.0 = Release|Any CPU
		{CC1EF305-23FB-4211-8AB4-CA9061041022}.Release|x86.ActiveCfg = Release|Any CPU
		{CC1EF305-23FB-4211-8AB4-CA9061041022}.Release|x86.Build.0 = Release|Any CPU
		{340D3CD9-B999-4820-89A2-2EE4B896357C}.Debug|Any CPU.ActiveCfg = Debug|Any CPU
		{340D3CD9-B999-4820-89A2-2EE4B896357C}.Debug|Any CPU.Build.0 = Debug|Any CPU
		{340D3CD9-B999-4820-89A2-2EE4B896357C}.Debug|x64.ActiveCfg = Debug|Any CPU
		{340D3CD9-B999-4820-89A2-2EE4B896357C}.Debug|x64.Build.0 = Debug|Any CPU
		{340D3CD9-B999-4820-89A2-2EE4B896357C}.Debug|x86.ActiveCfg = Debug|Any CPU
		{340D3CD9-B999-4820-89A2-2EE4B896357C}.Debug|x86.Build.0 = Debug|Any CPU
		{340D3CD9-B999-4820-89A2-2EE4B896357C}.Release|Any CPU.ActiveCfg = Release|Any CPU
		{340D3CD9-B999-4820-89A2-2EE4B896357C}.Release|Any CPU.Build.0 = Release|Any CPU
		{340D3CD9-B999-4820-89A2-2EE4B896357C}.Release|x64.ActiveCfg = Release|Any CPU
		{340D3CD9-B999-4820-89A2-2EE4B896357C}.Release|x64.Build.0 = Release|Any CPU
		{340D3CD9-B999-4820-89A2-2EE4B896357C}.Release|x86.ActiveCfg = Release|Any CPU
		{340D3CD9-B999-4820-89A2-2EE4B896357C}.Release|x86.Build.0 = Release|Any CPU
	EndGlobalSection
	GlobalSection(SolutionProperties) = preSolution
		HideSolutionNode = FALSE
	EndGlobalSection
	GlobalSection(ExtensibilityGlobals) = postSolution
		SolutionGuid = {42B84640-5938-4186-9678-A35FEBC85027}
	EndGlobalSection
EndGlobal
